
Microsoft Visual Studio Solution File, Format Version 12.00
# Visual Studio Version 16
VisualStudioVersion = 16.0.30804.86
MinimumVisualStudioVersion = 10.0.40219.1
Project("{FAE04EC0-301F-11D3-BF4B-00C04F79EFBC}") = "Geveo.Module.Robot", "Geveo Robot\Geveo.Module.Robot.csproj", "{5387F47B-A94B-4942-BC76-9AB04458F05B}"
EndProject
Global
	GlobalSection(SolutionConfigurationPlatforms) = preSolution
		Debug|Any CPU = Debug|Any CPU
		Release|Any CPU = Release|Any CPU
	EndGlobalSection
	GlobalSection(ProjectConfigurationPlatforms) = postSolution
		{5387F47B-A94B-4942-BC76-9AB04458F05B}.Debug|Any CPU.ActiveCfg = Debug|Any CPU
		{5387F47B-A94B-4942-BC76-9AB04458F05B}.Debug|Any CPU.Build.0 = Debug|Any CPU
		{5387F47B-A94B-4942-BC76-9AB04458F05B}.Release|Any CPU.ActiveCfg = Release|Any CPU
		{5387F47B-A94B-4942-BC76-9AB04458F05B}.Release|Any CPU.Build.0 = Release|Any CPU
	EndGlobalSection
	GlobalSection(SolutionProperties) = preSolution
		HideSolutionNode = FALSE
	EndGlobalSection
	GlobalSection(ExtensibilityGlobals) = postSolution
		SolutionGuid = {9EBD6EDD-F58B-4320-A7DD-01C3AFB4E182}
	EndGlobalSection
EndGlobal
